
Microsoft Visual Studio Solution File, Format Version 12.00
# Visual Studio Version 17
VisualStudioVersion = 17.11.35327.3
MinimumVisualStudioVersion = 10.0.40219.1
Project("{FAE04EC0-301F-11D3-BF4B-00C04F79EFBC}") = "CreditoDepartamental", "CreditoDepartamental\CreditoDepartamental.csproj", "{F08DA95D-F035-452D-8883-203142E54E43}"
EndProject
Global
	GlobalSection(SolutionConfigurationPlatforms) = preSolution
		Debug|Any CPU = Debug|Any CPU
		Release|Any CPU = Release|Any CPU
	EndGlobalSection
	GlobalSection(ProjectConfigurationPlatforms) = postSolution
		{F08DA95D-F035-452D-8883-203142E54E43}.Debug|Any CPU.ActiveCfg = Debug|Any CPU
		{F08DA95D-F035-452D-8883-203142E54E43}.Debug|Any CPU.Build.0 = Debug|Any CPU
		{F08DA95D-F035-452D-8883-203142E54E43}.Release|Any CPU.ActiveCfg = Release|Any CPU
		{F08DA95D-F035-452D-8883-203142E54E43}.Release|Any CPU.Build.0 = Release|Any CPU
	EndGlobalSection
	GlobalSection(SolutionProperties) = preSolution
		HideSolutionNode = FALSE
	EndGlobalSection
	GlobalSection(ExtensibilityGlobals) = postSolution
		SolutionGuid = {B98C94EA-9452-47FF-A7EF-3A93B17274AB}
	EndGlobalSection
EndGlobal
